// !$*UTF8*$!
{
	archiveVersion = 1;
	classes = {
	};
	objectVersion = 46;
	objects = {

/* Begin PBXBuildFile section */
		32301EC91D89518F00B08C3F /* AppDelegate.swift in Sources */ = {isa = PBXBuildFile; fileRef = 32301EC81D89518F00B08C3F /* AppDelegate.swift */; };
		32301ECE1D89518F00B08C3F /* Main.storyboard in Resources */ = {isa = PBXBuildFile; fileRef = 32301ECC1D89518F00B08C3F /* Main.storyboard */; };
		32301ED01D89518F00B08C3F /* Assets.xcassets in Resources */ = {isa = PBXBuildFile; fileRef = 32301ECF1D89518F00B08C3F /* Assets.xcassets */; };
		32301ED31D89518F00B08C3F /* LaunchScreen.storyboard in Resources */ = {isa = PBXBuildFile; fileRef = 32301ED11D89518F00B08C3F /* LaunchScreen.storyboard */; };
		32301EDE1D89518F00B08C3F /* HomeGohanTests.swift in Sources */ = {isa = PBXBuildFile; fileRef = 32301EDD1D89518F00B08C3F /* HomeGohanTests.swift */; };
		32301EE91D89518F00B08C3F /* HomeGohanUITests.swift in Sources */ = {isa = PBXBuildFile; fileRef = 32301EE81D89518F00B08C3F /* HomeGohanUITests.swift */; };
		32301EF71D895CC500B08C3F /* Meal.storyboard in Resources */ = {isa = PBXBuildFile; fileRef = 32301EF61D895CC500B08C3F /* Meal.storyboard */; };
		32301EFA1D895CF500B08C3F /* UIStoryboard+Extension.swift in Sources */ = {isa = PBXBuildFile; fileRef = 32301EF91D895CF500B08C3F /* UIStoryboard+Extension.swift */; };
		32301EFC1D895D6900B08C3F /* MealIndexViewController.swift in Sources */ = {isa = PBXBuildFile; fileRef = 32301EFB1D895D6900B08C3F /* MealIndexViewController.swift */; };
		32301F021D895F4F00B08C3F /* GroupProfCell.swift in Sources */ = {isa = PBXBuildFile; fileRef = 32301F001D895F4F00B08C3F /* GroupProfCell.swift */; };
		32301F031D895F4F00B08C3F /* GroupProfCell.xib in Resources */ = {isa = PBXBuildFile; fileRef = 32301F011D895F4F00B08C3F /* GroupProfCell.xib */; };
		32301F071D89602000B08C3F /* UIView+Extension.swift in Sources */ = {isa = PBXBuildFile; fileRef = 32301F061D89602000B08C3F /* UIView+Extension.swift */; };
		32301F091D89606F00B08C3F /* UIImageView+Extension.swift in Sources */ = {isa = PBXBuildFile; fileRef = 32301F081D89606F00B08C3F /* UIImageView+Extension.swift */; };
		32301F0B1D89621A00B08C3F /* MealIndexViewModel.swift in Sources */ = {isa = PBXBuildFile; fileRef = 32301F0A1D89621A00B08C3F /* MealIndexViewModel.swift */; };
		32301F0F1D89634500B08C3F /* UITableView+Extension.swift in Sources */ = {isa = PBXBuildFile; fileRef = 32301F0E1D89634500B08C3F /* UITableView+Extension.swift */; };
		32301F111D8963F400B08C3F /* Group.swift in Sources */ = {isa = PBXBuildFile; fileRef = 32301F101D8963F400B08C3F /* Group.swift */; };
		32301F161D89671600B08C3F /* MealCell.swift in Sources */ = {isa = PBXBuildFile; fileRef = 32301F141D89671600B08C3F /* MealCell.swift */; };
		32301F171D89671600B08C3F /* MealCell.xib in Resources */ = {isa = PBXBuildFile; fileRef = 32301F151D89671600B08C3F /* MealCell.xib */; };
		32301F1A1D8968BE00B08C3F /* UIFont+Extension.swift in Sources */ = {isa = PBXBuildFile; fileRef = 32301F191D8968BE00B08C3F /* UIFont+Extension.swift */; };
		32301F1C1D8969BE00B08C3F /* UIColor+Extension.swift in Sources */ = {isa = PBXBuildFile; fileRef = 32301F1B1D8969BE00B08C3F /* UIColor+Extension.swift */; };
		32301F1E1D897AD200B08C3F /* Meal.swift in Sources */ = {isa = PBXBuildFile; fileRef = 32301F1D1D897AD200B08C3F /* Meal.swift */; };
		32301F201D897B1500B08C3F /* User.swift in Sources */ = {isa = PBXBuildFile; fileRef = 32301F1F1D897B1500B08C3F /* User.swift */; };
		32301F221D897E7400B08C3F /* NewMealViewController.swift in Sources */ = {isa = PBXBuildFile; fileRef = 32301F211D897E7400B08C3F /* NewMealViewController.swift */; };
		32301F241D8982F900B08C3F /* omoto.png in Resources */ = {isa = PBXBuildFile; fileRef = 32301F231D8982F900B08C3F /* omoto.png */; };
		32301F271D8985F300B08C3F /* CurrentUser.swift in Sources */ = {isa = PBXBuildFile; fileRef = 32301F261D8985F300B08C3F /* CurrentUser.swift */; };
		32301F291D89886E00B08C3F /* API.swift in Sources */ = {isa = PBXBuildFile; fileRef = 32301F281D89886E00B08C3F /* API.swift */; };
		32301F2B1D89893600B08C3F /* NSData+Extension.swift in Sources */ = {isa = PBXBuildFile; fileRef = 32301F2A1D89893600B08C3F /* NSData+Extension.swift */; };
		7D3411452397FF902EE204BC /* Pods_HomeGohanUITests.framework in Frameworks */ = {isa = PBXBuildFile; fileRef = 01773023B0E70CF1A9794D86 /* Pods_HomeGohanUITests.framework */; };
		A941B8332616D829A9D1CCDF /* Pods_HomeGohan.framework in Frameworks */ = {isa = PBXBuildFile; fileRef = 835470F73177CBB654063135 /* Pods_HomeGohan.framework */; };
		C6716ADC324D15E6D84FFE58 /* Pods_HomeGohanTests.framework in Frameworks */ = {isa = PBXBuildFile; fileRef = E03EC7A6D6C079A67F72BF6D /* Pods_HomeGohanTests.framework */; };
/* End PBXBuildFile section */

/* Begin PBXContainerItemProxy section */
		32301EDA1D89518F00B08C3F /* PBXContainerItemProxy */ = {
			isa = PBXContainerItemProxy;
			containerPortal = 32301EBD1D89518F00B08C3F /* Project object */;
			proxyType = 1;
			remoteGlobalIDString = 32301EC41D89518F00B08C3F;
			remoteInfo = HomeGohan;
		};
		32301EE51D89518F00B08C3F /* PBXContainerItemProxy */ = {
			isa = PBXContainerItemProxy;
			containerPortal = 32301EBD1D89518F00B08C3F /* Project object */;
			proxyType = 1;
			remoteGlobalIDString = 32301EC41D89518F00B08C3F;
			remoteInfo = HomeGohan;
		};
/* End PBXContainerItemProxy section */

/* Begin PBXFileReference section */
		01773023B0E70CF1A9794D86 /* Pods_HomeGohanUITests.framework */ = {isa = PBXFileReference; explicitFileType = wrapper.framework; includeInIndex = 0; path = Pods_HomeGohanUITests.framework; sourceTree = BUILT_PRODUCTS_DIR; };
		32301EC51D89518F00B08C3F /* HomeGohan.app */ = {isa = PBXFileReference; explicitFileType = wrapper.application; includeInIndex = 0; path = HomeGohan.app; sourceTree = BUILT_PRODUCTS_DIR; };
		32301EC81D89518F00B08C3F /* AppDelegate.swift */ = {isa = PBXFileReference; lastKnownFileType = sourcecode.swift; path = AppDelegate.swift; sourceTree = "<group>"; };
		32301ECD1D89518F00B08C3F /* Base */ = {isa = PBXFileReference; lastKnownFileType = file.storyboard; name = Base; path = Base.lproj/Main.storyboard; sourceTree = "<group>"; };
		32301ECF1D89518F00B08C3F /* Assets.xcassets */ = {isa = PBXFileReference; lastKnownFileType = folder.assetcatalog; path = Assets.xcassets; sourceTree = "<group>"; };
		32301ED21D89518F00B08C3F /* Base */ = {isa = PBXFileReference; lastKnownFileType = file.storyboard; name = Base; path = Base.lproj/LaunchScreen.storyboard; sourceTree = "<group>"; };
		32301ED41D89518F00B08C3F /* Info.plist */ = {isa = PBXFileReference; lastKnownFileType = text.plist.xml; path = Info.plist; sourceTree = "<group>"; };
		32301ED91D89518F00B08C3F /* HomeGohanTests.xctest */ = {isa = PBXFileReference; explicitFileType = wrapper.cfbundle; includeInIndex = 0; path = HomeGohanTests.xctest; sourceTree = BUILT_PRODUCTS_DIR; };
		32301EDD1D89518F00B08C3F /* HomeGohanTests.swift */ = {isa = PBXFileReference; lastKnownFileType = sourcecode.swift; path = HomeGohanTests.swift; sourceTree = "<group>"; };
		32301EDF1D89518F00B08C3F /* Info.plist */ = {isa = PBXFileReference; lastKnownFileType = text.plist.xml; path = Info.plist; sourceTree = "<group>"; };
		32301EE41D89518F00B08C3F /* HomeGohanUITests.xctest */ = {isa = PBXFileReference; explicitFileType = wrapper.cfbundle; includeInIndex = 0; path = HomeGohanUITests.xctest; sourceTree = BUILT_PRODUCTS_DIR; };
		32301EE81D89518F00B08C3F /* HomeGohanUITests.swift */ = {isa = PBXFileReference; lastKnownFileType = sourcecode.swift; path = HomeGohanUITests.swift; sourceTree = "<group>"; };
		32301EEA1D89518F00B08C3F /* Info.plist */ = {isa = PBXFileReference; lastKnownFileType = text.plist.xml; path = Info.plist; sourceTree = "<group>"; };
		32301EF61D895CC500B08C3F /* Meal.storyboard */ = {isa = PBXFileReference; fileEncoding = 4; lastKnownFileType = file.storyboard; path = Meal.storyboard; sourceTree = "<group>"; };
		32301EF91D895CF500B08C3F /* UIStoryboard+Extension.swift */ = {isa = PBXFileReference; fileEncoding = 4; lastKnownFileType = sourcecode.swift; path = "UIStoryboard+Extension.swift"; sourceTree = "<group>"; };
		32301EFB1D895D6900B08C3F /* MealIndexViewController.swift */ = {isa = PBXFileReference; fileEncoding = 4; lastKnownFileType = sourcecode.swift; path = MealIndexViewController.swift; sourceTree = "<group>"; };
		32301F001D895F4F00B08C3F /* GroupProfCell.swift */ = {isa = PBXFileReference; fileEncoding = 4; lastKnownFileType = sourcecode.swift; path = GroupProfCell.swift; sourceTree = "<group>"; };
		32301F011D895F4F00B08C3F /* GroupProfCell.xib */ = {isa = PBXFileReference; fileEncoding = 4; lastKnownFileType = file.xib; path = GroupProfCell.xib; sourceTree = "<group>"; };
		32301F061D89602000B08C3F /* UIView+Extension.swift */ = {isa = PBXFileReference; fileEncoding = 4; lastKnownFileType = sourcecode.swift; path = "UIView+Extension.swift"; sourceTree = "<group>"; };
		32301F081D89606F00B08C3F /* UIImageView+Extension.swift */ = {isa = PBXFileReference; fileEncoding = 4; lastKnownFileType = sourcecode.swift; path = "UIImageView+Extension.swift"; sourceTree = "<group>"; };
		32301F0A1D89621A00B08C3F /* MealIndexViewModel.swift */ = {isa = PBXFileReference; fileEncoding = 4; lastKnownFileType = sourcecode.swift; path = MealIndexViewModel.swift; sourceTree = "<group>"; };
		32301F0E1D89634500B08C3F /* UITableView+Extension.swift */ = {isa = PBXFileReference; fileEncoding = 4; lastKnownFileType = sourcecode.swift; path = "UITableView+Extension.swift"; sourceTree = "<group>"; };
		32301F101D8963F400B08C3F /* Group.swift */ = {isa = PBXFileReference; fileEncoding = 4; lastKnownFileType = sourcecode.swift; path = Group.swift; sourceTree = "<group>"; };
		32301F141D89671600B08C3F /* MealCell.swift */ = {isa = PBXFileReference; fileEncoding = 4; lastKnownFileType = sourcecode.swift; path = MealCell.swift; sourceTree = "<group>"; };
		32301F151D89671600B08C3F /* MealCell.xib */ = {isa = PBXFileReference; fileEncoding = 4; lastKnownFileType = file.xib; path = MealCell.xib; sourceTree = "<group>"; };
		32301F191D8968BE00B08C3F /* UIFont+Extension.swift */ = {isa = PBXFileReference; fileEncoding = 4; lastKnownFileType = sourcecode.swift; path = "UIFont+Extension.swift"; sourceTree = "<group>"; };
		32301F1B1D8969BE00B08C3F /* UIColor+Extension.swift */ = {isa = PBXFileReference; fileEncoding = 4; lastKnownFileType = sourcecode.swift; path = "UIColor+Extension.swift"; sourceTree = "<group>"; };
		32301F1D1D897AD200B08C3F /* Meal.swift */ = {isa = PBXFileReference; fileEncoding = 4; lastKnownFileType = sourcecode.swift; path = Meal.swift; sourceTree = "<group>"; };
		32301F1F1D897B1500B08C3F /* User.swift */ = {isa = PBXFileReference; fileEncoding = 4; lastKnownFileType = sourcecode.swift; path = User.swift; sourceTree = "<group>"; };
		32301F211D897E7400B08C3F /* NewMealViewController.swift */ = {isa = PBXFileReference; fileEncoding = 4; lastKnownFileType = sourcecode.swift; path = NewMealViewController.swift; sourceTree = "<group>"; };
		32301F231D8982F900B08C3F /* omoto.png */ = {isa = PBXFileReference; lastKnownFileType = image.png; path = omoto.png; sourceTree = "<group>"; };
		32301F261D8985F300B08C3F /* CurrentUser.swift */ = {isa = PBXFileReference; fileEncoding = 4; lastKnownFileType = sourcecode.swift; path = CurrentUser.swift; sourceTree = "<group>"; };
		32301F281D89886E00B08C3F /* API.swift */ = {isa = PBXFileReference; fileEncoding = 4; lastKnownFileType = sourcecode.swift; path = API.swift; sourceTree = "<group>"; };
		32301F2A1D89893600B08C3F /* NSData+Extension.swift */ = {isa = PBXFileReference; fileEncoding = 4; lastKnownFileType = sourcecode.swift; path = "NSData+Extension.swift"; sourceTree = "<group>"; };
		58D6402D74EB7FBB300A247F /* Pods-HomeGohan.release.xcconfig */ = {isa = PBXFileReference; includeInIndex = 1; lastKnownFileType = text.xcconfig; name = "Pods-HomeGohan.release.xcconfig"; path = "Pods/Target Support Files/Pods-HomeGohan/Pods-HomeGohan.release.xcconfig"; sourceTree = "<group>"; };
		835470F73177CBB654063135 /* Pods_HomeGohan.framework */ = {isa = PBXFileReference; explicitFileType = wrapper.framework; includeInIndex = 0; path = Pods_HomeGohan.framework; sourceTree = BUILT_PRODUCTS_DIR; };
		A248070DF883DC5F8E1B493C /* Pods-HomeGohanTests.release.xcconfig */ = {isa = PBXFileReference; includeInIndex = 1; lastKnownFileType = text.xcconfig; name = "Pods-HomeGohanTests.release.xcconfig"; path = "Pods/Target Support Files/Pods-HomeGohanTests/Pods-HomeGohanTests.release.xcconfig"; sourceTree = "<group>"; };
		A9D1B5CD4CAB4631C8E79C6A /* Pods-HomeGohanUITests.debug.xcconfig */ = {isa = PBXFileReference; includeInIndex = 1; lastKnownFileType = text.xcconfig; name = "Pods-HomeGohanUITests.debug.xcconfig"; path = "Pods/Target Support Files/Pods-HomeGohanUITests/Pods-HomeGohanUITests.debug.xcconfig"; sourceTree = "<group>"; };
		AB676B5A93F4820D4601BEB5 /* Pods-HomeGohan.debug.xcconfig */ = {isa = PBXFileReference; includeInIndex = 1; lastKnownFileType = text.xcconfig; name = "Pods-HomeGohan.debug.xcconfig"; path = "Pods/Target Support Files/Pods-HomeGohan/Pods-HomeGohan.debug.xcconfig"; sourceTree = "<group>"; };
		CA8A9E3367FEB4740FB1B830 /* Pods-HomeGohanTests.debug.xcconfig */ = {isa = PBXFileReference; includeInIndex = 1; lastKnownFileType = text.xcconfig; name = "Pods-HomeGohanTests.debug.xcconfig"; path = "Pods/Target Support Files/Pods-HomeGohanTests/Pods-HomeGohanTests.debug.xcconfig"; sourceTree = "<group>"; };
		E03EC7A6D6C079A67F72BF6D /* Pods_HomeGohanTests.framework */ = {isa = PBXFileReference; explicitFileType = wrapper.framework; includeInIndex = 0; path = Pods_HomeGohanTests.framework; sourceTree = BUILT_PRODUCTS_DIR; };
		EC0436D732647DB1D700511F /* Pods-HomeGohanUITests.release.xcconfig */ = {isa = PBXFileReference; includeInIndex = 1; lastKnownFileType = text.xcconfig; name = "Pods-HomeGohanUITests.release.xcconfig"; path = "Pods/Target Support Files/Pods-HomeGohanUITests/Pods-HomeGohanUITests.release.xcconfig"; sourceTree = "<group>"; };
/* End PBXFileReference section */

/* Begin PBXFrameworksBuildPhase section */
		32301EC21D89518F00B08C3F /* Frameworks */ = {
			isa = PBXFrameworksBuildPhase;
			buildActionMask = 2147483647;
			files = (
				A941B8332616D829A9D1CCDF /* Pods_HomeGohan.framework in Frameworks */,
			);
			runOnlyForDeploymentPostprocessing = 0;
		};
		32301ED61D89518F00B08C3F /* Frameworks */ = {
			isa = PBXFrameworksBuildPhase;
			buildActionMask = 2147483647;
			files = (
				C6716ADC324D15E6D84FFE58 /* Pods_HomeGohanTests.framework in Frameworks */,
			);
			runOnlyForDeploymentPostprocessing = 0;
		};
		32301EE11D89518F00B08C3F /* Frameworks */ = {
			isa = PBXFrameworksBuildPhase;
			buildActionMask = 2147483647;
			files = (
				7D3411452397FF902EE204BC /* Pods_HomeGohanUITests.framework in Frameworks */,
			);
			runOnlyForDeploymentPostprocessing = 0;
		};
/* End PBXFrameworksBuildPhase section */

/* Begin PBXGroup section */
		32301EBC1D89518F00B08C3F = {
			isa = PBXGroup;
			children = (
				32301EC71D89518F00B08C3F /* HomeGohan */,
				32301EDC1D89518F00B08C3F /* HomeGohanTests */,
				32301EE71D89518F00B08C3F /* HomeGohanUITests */,
				32301EC61D89518F00B08C3F /* Products */,
				DD90B81B20921FBA93367EDF /* Pods */,
				98A796D8F57F5E799093D501 /* Frameworks */,
			);
			sourceTree = "<group>";
		};
		32301EC61D89518F00B08C3F /* Products */ = {
			isa = PBXGroup;
			children = (
				32301EC51D89518F00B08C3F /* HomeGohan.app */,
				32301ED91D89518F00B08C3F /* HomeGohanTests.xctest */,
				32301EE41D89518F00B08C3F /* HomeGohanUITests.xctest */,
			);
			name = Products;
			sourceTree = "<group>";
		};
		32301EC71D89518F00B08C3F /* HomeGohan */ = {
			isa = PBXGroup;
			children = (
				32301EC81D89518F00B08C3F /* AppDelegate.swift */,
				32301EF81D895CC900B08C3F /* Stroryboards */,
				32301F121D89642E00B08C3F /* Models */,
				32301F041D895F5300B08C3F /* Views */,
				32301F0C1D89621D00B08C3F /* ViewModels */,
				32301EFE1D895EA500B08C3F /* Controllers */,
				32301EFD1D895E9400B08C3F /* Extension */,
				32301F251D8982FC00B08C3F /* Images */,
				32301ECF1D89518F00B08C3F /* Assets.xcassets */,
				32301ED11D89518F00B08C3F /* LaunchScreen.storyboard */,
				32301ED41D89518F00B08C3F /* Info.plist */,
			);
			path = HomeGohan;
			sourceTree = "<group>";
		};
		32301EDC1D89518F00B08C3F /* HomeGohanTests */ = {
			isa = PBXGroup;
			children = (
				32301EDD1D89518F00B08C3F /* HomeGohanTests.swift */,
				32301EDF1D89518F00B08C3F /* Info.plist */,
			);
			path = HomeGohanTests;
			sourceTree = "<group>";
		};
		32301EE71D89518F00B08C3F /* HomeGohanUITests */ = {
			isa = PBXGroup;
			children = (
				32301EE81D89518F00B08C3F /* HomeGohanUITests.swift */,
				32301EEA1D89518F00B08C3F /* Info.plist */,
			);
			path = HomeGohanUITests;
			sourceTree = "<group>";
		};
		32301EF81D895CC900B08C3F /* Stroryboards */ = {
			isa = PBXGroup;
			children = (
				32301ECC1D89518F00B08C3F /* Main.storyboard */,
				32301EF61D895CC500B08C3F /* Meal.storyboard */,
			);
			name = Stroryboards;
			sourceTree = "<group>";
		};
		32301EFD1D895E9400B08C3F /* Extension */ = {
			isa = PBXGroup;
			children = (
				32301EF91D895CF500B08C3F /* UIStoryboard+Extension.swift */,
				32301F061D89602000B08C3F /* UIView+Extension.swift */,
				32301F081D89606F00B08C3F /* UIImageView+Extension.swift */,
				32301F0E1D89634500B08C3F /* UITableView+Extension.swift */,
				32301F191D8968BE00B08C3F /* UIFont+Extension.swift */,
				32301F1B1D8969BE00B08C3F /* UIColor+Extension.swift */,
				32301F2A1D89893600B08C3F /* NSData+Extension.swift */,
			);
			name = Extension;
			sourceTree = "<group>";
		};
		32301EFE1D895EA500B08C3F /* Controllers */ = {
			isa = PBXGroup;
			children = (
				32301EFF1D895EAC00B08C3F /* Meals */,
			);
			name = Controllers;
			sourceTree = "<group>";
		};
		32301EFF1D895EAC00B08C3F /* Meals */ = {
			isa = PBXGroup;
			children = (
				32301EFB1D895D6900B08C3F /* MealIndexViewController.swift */,
				32301F211D897E7400B08C3F /* NewMealViewController.swift */,
			);
			name = Meals;
			sourceTree = "<group>";
		};
		32301F041D895F5300B08C3F /* Views */ = {
			isa = PBXGroup;
			children = (
				32301F051D895F5C00B08C3F /* Meals */,
			);
			name = Views;
			sourceTree = "<group>";
		};
		32301F051D895F5C00B08C3F /* Meals */ = {
			isa = PBXGroup;
			children = (
				32301F131D8966DA00B08C3F /* GroupProf */,
				32301F181D89671A00B08C3F /* MealCell */,
			);
			name = Meals;
			sourceTree = "<group>";
		};
		32301F0C1D89621D00B08C3F /* ViewModels */ = {
			isa = PBXGroup;
			children = (
				32301F0D1D89629F00B08C3F /* Meals */,
			);
			name = ViewModels;
			sourceTree = "<group>";
		};
		32301F0D1D89629F00B08C3F /* Meals */ = {
			isa = PBXGroup;
			children = (
				32301F0A1D89621A00B08C3F /* MealIndexViewModel.swift */,
			);
			name = Meals;
			sourceTree = "<group>";
		};
		32301F121D89642E00B08C3F /* Models */ = {
			isa = PBXGroup;
			children = (
				32301F101D8963F400B08C3F /* Group.swift */,
				32301F1D1D897AD200B08C3F /* Meal.swift */,
				32301F1F1D897B1500B08C3F /* User.swift */,
				32301F261D8985F300B08C3F /* CurrentUser.swift */,
				32301F281D89886E00B08C3F /* API.swift */,
			);
			name = Models;
			sourceTree = "<group>";
		};
		32301F131D8966DA00B08C3F /* GroupProf */ = {
			isa = PBXGroup;
			children = (
				32301F001D895F4F00B08C3F /* GroupProfCell.swift */,
				32301F011D895F4F00B08C3F /* GroupProfCell.xib */,
			);
			name = GroupProf;
			sourceTree = "<group>";
		};
		32301F181D89671A00B08C3F /* MealCell */ = {
			isa = PBXGroup;
			children = (
				32301F141D89671600B08C3F /* MealCell.swift */,
				32301F151D89671600B08C3F /* MealCell.xib */,
			);
			name = MealCell;
			sourceTree = "<group>";
		};
		32301F251D8982FC00B08C3F /* Images */ = {
			isa = PBXGroup;
			children = (
				32301F231D8982F900B08C3F /* omoto.png */,
			);
			name = Images;
			sourceTree = "<group>";
		};
		98A796D8F57F5E799093D501 /* Frameworks */ = {
			isa = PBXGroup;
			children = (
				835470F73177CBB654063135 /* Pods_HomeGohan.framework */,
				E03EC7A6D6C079A67F72BF6D /* Pods_HomeGohanTests.framework */,
				01773023B0E70CF1A9794D86 /* Pods_HomeGohanUITests.framework */,
			);
			name = Frameworks;
			sourceTree = "<group>";
		};
		DD90B81B20921FBA93367EDF /* Pods */ = {
			isa = PBXGroup;
			children = (
				AB676B5A93F4820D4601BEB5 /* Pods-HomeGohan.debug.xcconfig */,
				58D6402D74EB7FBB300A247F /* Pods-HomeGohan.release.xcconfig */,
				CA8A9E3367FEB4740FB1B830 /* Pods-HomeGohanTests.debug.xcconfig */,
				A248070DF883DC5F8E1B493C /* Pods-HomeGohanTests.release.xcconfig */,
				A9D1B5CD4CAB4631C8E79C6A /* Pods-HomeGohanUITests.debug.xcconfig */,
				EC0436D732647DB1D700511F /* Pods-HomeGohanUITests.release.xcconfig */,
			);
			name = Pods;
			sourceTree = "<group>";
		};
/* End PBXGroup section */

/* Begin PBXNativeTarget section */
		32301EC41D89518F00B08C3F /* HomeGohan */ = {
			isa = PBXNativeTarget;
			buildConfigurationList = 32301EED1D89518F00B08C3F /* Build configuration list for PBXNativeTarget "HomeGohan" */;
			buildPhases = (
				CF673BD98C0F9E1AC02EA6A0 /* 📦 Check Pods Manifest.lock */,
				32301EC11D89518F00B08C3F /* Sources */,
				32301EC21D89518F00B08C3F /* Frameworks */,
				32301EC31D89518F00B08C3F /* Resources */,
				7CCFE50764BAFF7FD85A4E53 /* 📦 Embed Pods Frameworks */,
				ECDA3CFB6634BD7B37FE9D58 /* 📦 Copy Pods Resources */,
			);
			buildRules = (
			);
			dependencies = (
			);
			name = HomeGohan;
			productName = HomeGohan;
			productReference = 32301EC51D89518F00B08C3F /* HomeGohan.app */;
			productType = "com.apple.product-type.application";
		};
		32301ED81D89518F00B08C3F /* HomeGohanTests */ = {
			isa = PBXNativeTarget;
			buildConfigurationList = 32301EF01D89518F00B08C3F /* Build configuration list for PBXNativeTarget "HomeGohanTests" */;
			buildPhases = (
				6BC3C5BEFB7C1F6A7AB01FA1 /* 📦 Check Pods Manifest.lock */,
				32301ED51D89518F00B08C3F /* Sources */,
				32301ED61D89518F00B08C3F /* Frameworks */,
				32301ED71D89518F00B08C3F /* Resources */,
				5EAE79876C4DE90B7F2C4EA2 /* 📦 Embed Pods Frameworks */,
				1E18A768655F87E7932EB1D4 /* 📦 Copy Pods Resources */,
			);
			buildRules = (
			);
			dependencies = (
				32301EDB1D89518F00B08C3F /* PBXTargetDependency */,
			);
			name = HomeGohanTests;
			productName = HomeGohanTests;
			productReference = 32301ED91D89518F00B08C3F /* HomeGohanTests.xctest */;
			productType = "com.apple.product-type.bundle.unit-test";
		};
		32301EE31D89518F00B08C3F /* HomeGohanUITests */ = {
			isa = PBXNativeTarget;
			buildConfigurationList = 32301EF31D89518F00B08C3F /* Build configuration list for PBXNativeTarget "HomeGohanUITests" */;
			buildPhases = (
				8A7F83DADD56EFD0B62E4114 /* 📦 Check Pods Manifest.lock */,
				32301EE01D89518F00B08C3F /* Sources */,
				32301EE11D89518F00B08C3F /* Frameworks */,
				32301EE21D89518F00B08C3F /* Resources */,
				E580F2E5AA8749D3644E20BE /* 📦 Copy Pods Resources */,
			);
			buildRules = (
			);
			dependencies = (
				32301EE61D89518F00B08C3F /* PBXTargetDependency */,
			);
			name = HomeGohanUITests;
			productName = HomeGohanUITests;
			productReference = 32301EE41D89518F00B08C3F /* HomeGohanUITests.xctest */;
			productType = "com.apple.product-type.bundle.ui-testing";
		};
/* End PBXNativeTarget section */

/* Begin PBXProject section */
		32301EBD1D89518F00B08C3F /* Project object */ = {
			isa = PBXProject;
			attributes = {
				LastSwiftUpdateCheck = 0730;
				LastUpgradeCheck = 0730;
				ORGANIZATIONNAME = "matsushita keita";
				TargetAttributes = {
					32301EC41D89518F00B08C3F = {
						CreatedOnToolsVersion = 7.3;
					};
					32301ED81D89518F00B08C3F = {
						CreatedOnToolsVersion = 7.3;
						TestTargetID = 32301EC41D89518F00B08C3F;
					};
					32301EE31D89518F00B08C3F = {
						CreatedOnToolsVersion = 7.3;
						TestTargetID = 32301EC41D89518F00B08C3F;
					};
				};
			};
			buildConfigurationList = 32301EC01D89518F00B08C3F /* Build configuration list for PBXProject "HomeGohan" */;
			compatibilityVersion = "Xcode 3.2";
			developmentRegion = English;
			hasScannedForEncodings = 0;
			knownRegions = (
				en,
				Base,
			);
			mainGroup = 32301EBC1D89518F00B08C3F;
			productRefGroup = 32301EC61D89518F00B08C3F /* Products */;
			projectDirPath = "";
			projectRoot = "";
			targets = (
				32301EC41D89518F00B08C3F /* HomeGohan */,
				32301ED81D89518F00B08C3F /* HomeGohanTests */,
				32301EE31D89518F00B08C3F /* HomeGohanUITests */,
			);
		};
/* End PBXProject section */

/* Begin PBXResourcesBuildPhase section */
		32301EC31D89518F00B08C3F /* Resources */ = {
			isa = PBXResourcesBuildPhase;
			buildActionMask = 2147483647;
			files = (
				32301F171D89671600B08C3F /* MealCell.xib in Resources */,
				32301ED31D89518F00B08C3F /* LaunchScreen.storyboard in Resources */,
				32301F241D8982F900B08C3F /* omoto.png in Resources */,
				32301EF71D895CC500B08C3F /* Meal.storyboard in Resources */,
				32301ED01D89518F00B08C3F /* Assets.xcassets in Resources */,
				32301F031D895F4F00B08C3F /* GroupProfCell.xib in Resources */,
				32301ECE1D89518F00B08C3F /* Main.storyboard in Resources */,
			);
			runOnlyForDeploymentPostprocessing = 0;
		};
		32301ED71D89518F00B08C3F /* Resources */ = {
			isa = PBXResourcesBuildPhase;
			buildActionMask = 2147483647;
			files = (
			);
			runOnlyForDeploymentPostprocessing = 0;
		};
		32301EE21D89518F00B08C3F /* Resources */ = {
			isa = PBXResourcesBuildPhase;
			buildActionMask = 2147483647;
			files = (
			);
			runOnlyForDeploymentPostprocessing = 0;
		};
/* End PBXResourcesBuildPhase section */

/* Begin PBXShellScriptBuildPhase section */
		1E18A768655F87E7932EB1D4 /* 📦 Copy Pods Resources */ = {
			isa = PBXShellScriptBuildPhase;
			buildActionMask = 2147483647;
			files = (
			);
			inputPaths = (
			);
			name = "📦 Copy Pods Resources";
			outputPaths = (
			);
			runOnlyForDeploymentPostprocessing = 0;
			shellPath = /bin/sh;
			shellScript = "\"${SRCROOT}/Pods/Target Support Files/Pods-HomeGohanTests/Pods-HomeGohanTests-resources.sh\"\n";
			showEnvVarsInLog = 0;
		};
		5EAE79876C4DE90B7F2C4EA2 /* 📦 Embed Pods Frameworks */ = {
			isa = PBXShellScriptBuildPhase;
			buildActionMask = 2147483647;
			files = (
			);
			inputPaths = (
			);
			name = "📦 Embed Pods Frameworks";
			outputPaths = (
			);
			runOnlyForDeploymentPostprocessing = 0;
			shellPath = /bin/sh;
			shellScript = "\"${SRCROOT}/Pods/Target Support Files/Pods-HomeGohanTests/Pods-HomeGohanTests-frameworks.sh\"\n";
			showEnvVarsInLog = 0;
		};
		6BC3C5BEFB7C1F6A7AB01FA1 /* 📦 Check Pods Manifest.lock */ = {
			isa = PBXShellScriptBuildPhase;
			buildActionMask = 2147483647;
			files = (
			);
			inputPaths = (
			);
			name = "📦 Check Pods Manifest.lock";
			outputPaths = (
			);
			runOnlyForDeploymentPostprocessing = 0;
			shellPath = /bin/sh;
			shellScript = "diff \"${PODS_ROOT}/../Podfile.lock\" \"${PODS_ROOT}/Manifest.lock\" > /dev/null\nif [[ $? != 0 ]] ; then\n    cat << EOM\nerror: The sandbox is not in sync with the Podfile.lock. Run 'pod install' or update your CocoaPods installation.\nEOM\n    exit 1\nfi\n";
			showEnvVarsInLog = 0;
		};
		7CCFE50764BAFF7FD85A4E53 /* 📦 Embed Pods Frameworks */ = {
			isa = PBXShellScriptBuildPhase;
			buildActionMask = 2147483647;
			files = (
			);
			inputPaths = (
			);
			name = "📦 Embed Pods Frameworks";
			outputPaths = (
			);
			runOnlyForDeploymentPostprocessing = 0;
			shellPath = /bin/sh;
			shellScript = "\"${SRCROOT}/Pods/Target Support Files/Pods-HomeGohan/Pods-HomeGohan-frameworks.sh\"\n";
			showEnvVarsInLog = 0;
		};
		8A7F83DADD56EFD0B62E4114 /* 📦 Check Pods Manifest.lock */ = {
			isa = PBXShellScriptBuildPhase;
			buildActionMask = 2147483647;
			files = (
			);
			inputPaths = (
			);
			name = "📦 Check Pods Manifest.lock";
			outputPaths = (
			);
			runOnlyForDeploymentPostprocessing = 0;
			shellPath = /bin/sh;
			shellScript = "diff \"${PODS_ROOT}/../Podfile.lock\" \"${PODS_ROOT}/Manifest.lock\" > /dev/null\nif [[ $? != 0 ]] ; then\n    cat << EOM\nerror: The sandbox is not in sync with the Podfile.lock. Run 'pod install' or update your CocoaPods installation.\nEOM\n    exit 1\nfi\n";
			showEnvVarsInLog = 0;
		};
		CF673BD98C0F9E1AC02EA6A0 /* 📦 Check Pods Manifest.lock */ = {
			isa = PBXShellScriptBuildPhase;
			buildActionMask = 2147483647;
			files = (
			);
			inputPaths = (
			);
			name = "📦 Check Pods Manifest.lock";
			outputPaths = (
			);
			runOnlyForDeploymentPostprocessing = 0;
			shellPath = /bin/sh;
			shellScript = "diff \"${PODS_ROOT}/../Podfile.lock\" \"${PODS_ROOT}/Manifest.lock\" > /dev/null\nif [[ $? != 0 ]] ; then\n    cat << EOM\nerror: The sandbox is not in sync with the Podfile.lock. Run 'pod install' or update your CocoaPods installation.\nEOM\n    exit 1\nfi\n";
			showEnvVarsInLog = 0;
		};
		E580F2E5AA8749D3644E20BE /* 📦 Copy Pods Resources */ = {
			isa = PBXShellScriptBuildPhase;
			buildActionMask = 2147483647;
			files = (
			);
			inputPaths = (
			);
			name = "📦 Copy Pods Resources";
			outputPaths = (
			);
			runOnlyForDeploymentPostprocessing = 0;
			shellPath = /bin/sh;
			shellScript = "\"${SRCROOT}/Pods/Target Support Files/Pods-HomeGohanUITests/Pods-HomeGohanUITests-resources.sh\"\n";
			showEnvVarsInLog = 0;
		};
		ECDA3CFB6634BD7B37FE9D58 /* 📦 Copy Pods Resources */ = {
			isa = PBXShellScriptBuildPhase;
			buildActionMask = 2147483647;
			files = (
			);
			inputPaths = (
			);
			name = "📦 Copy Pods Resources";
			outputPaths = (
			);
			runOnlyForDeploymentPostprocessing = 0;
			shellPath = /bin/sh;
			shellScript = "\"${SRCROOT}/Pods/Target Support Files/Pods-HomeGohan/Pods-HomeGohan-resources.sh\"\n";
			showEnvVarsInLog = 0;
		};
/* End PBXShellScriptBuildPhase section */

/* Begin PBXSourcesBuildPhase section */
		32301EC11D89518F00B08C3F /* Sources */ = {
			isa = PBXSourcesBuildPhase;
			buildActionMask = 2147483647;
			files = (
				32301F161D89671600B08C3F /* MealCell.swift in Sources */,
				32301F111D8963F400B08C3F /* Group.swift in Sources */,
				32301F1E1D897AD200B08C3F /* Meal.swift in Sources */,
				32301F091D89606F00B08C3F /* UIImageView+Extension.swift in Sources */,
				32301F1C1D8969BE00B08C3F /* UIColor+Extension.swift in Sources */,
				32301F0B1D89621A00B08C3F /* MealIndexViewModel.swift in Sources */,
				32301F2B1D89893600B08C3F /* NSData+Extension.swift in Sources */,
				32301F201D897B1500B08C3F /* User.swift in Sources */,
				32301EC91D89518F00B08C3F /* AppDelegate.swift in Sources */,
				32301EFC1D895D6900B08C3F /* MealIndexViewController.swift in Sources */,
				32301F221D897E7400B08C3F /* NewMealViewController.swift in Sources */,
				32301F021D895F4F00B08C3F /* GroupProfCell.swift in Sources */,
				32301F071D89602000B08C3F /* UIView+Extension.swift in Sources */,
				32301EFA1D895CF500B08C3F /* UIStoryboard+Extension.swift in Sources */,
				32301F0F1D89634500B08C3F /* UITableView+Extension.swift in Sources */,
				32301F271D8985F300B08C3F /* CurrentUser.swift in Sources */,
				32301F291D89886E00B08C3F /* API.swift in Sources */,
				32301F1A1D8968BE00B08C3F /* UIFont+Extension.swift in Sources */,
			);
			runOnlyForDeploymentPostprocessing = 0;
		};
		32301ED51D89518F00B08C3F /* Sources */ = {
			isa = PBXSourcesBuildPhase;
			buildActionMask = 2147483647;
			files = (
				32301EDE1D89518F00B08C3F /* HomeGohanTests.swift in Sources */,
			);
			runOnlyForDeploymentPostprocessing = 0;
		};
		32301EE01D89518F00B08C3F /* Sources */ = {
			isa = PBXSourcesBuildPhase;
			buildActionMask = 2147483647;
			files = (
				32301EE91D89518F00B08C3F /* HomeGohanUITests.swift in Sources */,
			);
			runOnlyForDeploymentPostprocessing = 0;
		};
/* End PBXSourcesBuildPhase section */

/* Begin PBXTargetDependency section */
		32301EDB1D89518F00B08C3F /* PBXTargetDependency */ = {
			isa = PBXTargetDependency;
			target = 32301EC41D89518F00B08C3F /* HomeGohan */;
			targetProxy = 32301EDA1D89518F00B08C3F /* PBXContainerItemProxy */;
		};
		32301EE61D89518F00B08C3F /* PBXTargetDependency */ = {
			isa = PBXTargetDependency;
			target = 32301EC41D89518F00B08C3F /* HomeGohan */;
			targetProxy = 32301EE51D89518F00B08C3F /* PBXContainerItemProxy */;
		};
/* End PBXTargetDependency section */

/* Begin PBXVariantGroup section */
		32301ECC1D89518F00B08C3F /* Main.storyboard */ = {
			isa = PBXVariantGroup;
			children = (
				32301ECD1D89518F00B08C3F /* Base */,
			);
			name = Main.storyboard;
			sourceTree = "<group>";
		};
		32301ED11D89518F00B08C3F /* LaunchScreen.storyboard */ = {
			isa = PBXVariantGroup;
			children = (
				32301ED21D89518F00B08C3F /* Base */,
			);
			name = LaunchScreen.storyboard;
			sourceTree = "<group>";
		};
/* End PBXVariantGroup section */

/* Begin XCBuildConfiguration section */
		32301EEB1D89518F00B08C3F /* Debug */ = {
			isa = XCBuildConfiguration;
			buildSettings = {
				ALWAYS_SEARCH_USER_PATHS = NO;
				CLANG_ANALYZER_NONNULL = YES;
				CLANG_CXX_LANGUAGE_STANDARD = "gnu++0x";
				CLANG_CXX_LIBRARY = "libc++";
				CLANG_ENABLE_MODULES = YES;
				CLANG_ENABLE_OBJC_ARC = YES;
				CLANG_WARN_BOOL_CONVERSION = YES;
				CLANG_WARN_CONSTANT_CONVERSION = YES;
				CLANG_WARN_DIRECT_OBJC_ISA_USAGE = YES_ERROR;
				CLANG_WARN_EMPTY_BODY = YES;
				CLANG_WARN_ENUM_CONVERSION = YES;
				CLANG_WARN_INT_CONVERSION = YES;
				CLANG_WARN_OBJC_ROOT_CLASS = YES_ERROR;
				CLANG_WARN_UNREACHABLE_CODE = YES;
				CLANG_WARN__DUPLICATE_METHOD_MATCH = YES;
				"CODE_SIGN_IDENTITY[sdk=iphoneos*]" = "iPhone Developer";
				COPY_PHASE_STRIP = NO;
				DEBUG_INFORMATION_FORMAT = dwarf;
				ENABLE_STRICT_OBJC_MSGSEND = YES;
				ENABLE_TESTABILITY = YES;
				GCC_C_LANGUAGE_STANDARD = gnu99;
				GCC_DYNAMIC_NO_PIC = NO;
				GCC_NO_COMMON_BLOCKS = YES;
				GCC_OPTIMIZATION_LEVEL = 0;
				GCC_PREPROCESSOR_DEFINITIONS = (
					"DEBUG=1",
					"$(inherited)",
				);
				GCC_WARN_64_TO_32_BIT_CONVERSION = YES;
				GCC_WARN_ABOUT_RETURN_TYPE = YES_ERROR;
				GCC_WARN_UNDECLARED_SELECTOR = YES;
				GCC_WARN_UNINITIALIZED_AUTOS = YES_AGGRESSIVE;
				GCC_WARN_UNUSED_FUNCTION = YES;
				GCC_WARN_UNUSED_VARIABLE = YES;
				IPHONEOS_DEPLOYMENT_TARGET = 9.3;
				MTL_ENABLE_DEBUG_INFO = YES;
				ONLY_ACTIVE_ARCH = YES;
				SDKROOT = iphoneos;
				SWIFT_OPTIMIZATION_LEVEL = "-Onone";
			};
			name = Debug;
		};
		32301EEC1D89518F00B08C3F /* Release */ = {
			isa = XCBuildConfiguration;
			buildSettings = {
				ALWAYS_SEARCH_USER_PATHS = NO;
				CLANG_ANALYZER_NONNULL = YES;
				CLANG_CXX_LANGUAGE_STANDARD = "gnu++0x";
				CLANG_CXX_LIBRARY = "libc++";
				CLANG_ENABLE_MODULES = YES;
				CLANG_ENABLE_OBJC_ARC = YES;
				CLANG_WARN_BOOL_CONVERSION = YES;
				CLANG_WARN_CONSTANT_CONVERSION = YES;
				CLANG_WARN_DIRECT_OBJC_ISA_USAGE = YES_ERROR;
				CLANG_WARN_EMPTY_BODY = YES;
				CLANG_WARN_ENUM_CONVERSION = YES;
				CLANG_WARN_INT_CONVERSION = YES;
				CLANG_WARN_OBJC_ROOT_CLASS = YES_ERROR;
				CLANG_WARN_UNREACHABLE_CODE = YES;
				CLANG_WARN__DUPLICATE_METHOD_MATCH = YES;
				"CODE_SIGN_IDENTITY[sdk=iphoneos*]" = "iPhone Developer";
				COPY_PHASE_STRIP = NO;
				DEBUG_INFORMATION_FORMAT = "dwarf-with-dsym";
				ENABLE_NS_ASSERTIONS = NO;
				ENABLE_STRICT_OBJC_MSGSEND = YES;
				GCC_C_LANGUAGE_STANDARD = gnu99;
				GCC_NO_COMMON_BLOCKS = YES;
				GCC_WARN_64_TO_32_BIT_CONVERSION = YES;
				GCC_WARN_ABOUT_RETURN_TYPE = YES_ERROR;
				GCC_WARN_UNDECLARED_SELECTOR = YES;
				GCC_WARN_UNINITIALIZED_AUTOS = YES_AGGRESSIVE;
				GCC_WARN_UNUSED_FUNCTION = YES;
				GCC_WARN_UNUSED_VARIABLE = YES;
				IPHONEOS_DEPLOYMENT_TARGET = 9.3;
				MTL_ENABLE_DEBUG_INFO = NO;
				SDKROOT = iphoneos;
				VALIDATE_PRODUCT = YES;
			};
			name = Release;
		};
		32301EEE1D89518F00B08C3F /* Debug */ = {
			isa = XCBuildConfiguration;
			baseConfigurationReference = AB676B5A93F4820D4601BEB5 /* Pods-HomeGohan.debug.xcconfig */;
			buildSettings = {
				ASSETCATALOG_COMPILER_APPICON_NAME = AppIcon;
				INFOPLIST_FILE = HomeGohan/Info.plist;
				LD_RUNPATH_SEARCH_PATHS = "$(inherited) @executable_path/Frameworks";
				PRODUCT_BUNDLE_IDENTIFIER = com.kinoponchan.HomeGohan;
				PRODUCT_NAME = "$(TARGET_NAME)";
			};
			name = Debug;
		};
		32301EEF1D89518F00B08C3F /* Release */ = {
			isa = XCBuildConfiguration;
			baseConfigurationReference = 58D6402D74EB7FBB300A247F /* Pods-HomeGohan.release.xcconfig */;
			buildSettings = {
				ASSETCATALOG_COMPILER_APPICON_NAME = AppIcon;
				INFOPLIST_FILE = HomeGohan/Info.plist;
				LD_RUNPATH_SEARCH_PATHS = "$(inherited) @executable_path/Frameworks";
				PRODUCT_BUNDLE_IDENTIFIER = com.kinoponchan.HomeGohan;
				PRODUCT_NAME = "$(TARGET_NAME)";
			};
			name = Release;
		};
		32301EF11D89518F00B08C3F /* Debug */ = {
			isa = XCBuildConfiguration;
			baseConfigurationReference = CA8A9E3367FEB4740FB1B830 /* Pods-HomeGohanTests.debug.xcconfig */;
			buildSettings = {
				BUNDLE_LOADER = "$(TEST_HOST)";
				INFOPLIST_FILE = HomeGohanTests/Info.plist;
				LD_RUNPATH_SEARCH_PATHS = "$(inherited) @executable_path/Frameworks @loader_path/Frameworks";
				PRODUCT_BUNDLE_IDENTIFIER = com.kinoponchan.HomeGohanTests;
				PRODUCT_NAME = "$(TARGET_NAME)";
				TEST_HOST = "$(BUILT_PRODUCTS_DIR)/HomeGohan.app/HomeGohan";
			};
			name = Debug;
		};
		32301EF21D89518F00B08C3F /* Release */ = {
			isa = XCBuildConfiguration;
			baseConfigurationReference = A248070DF883DC5F8E1B493C /* Pods-HomeGohanTests.release.xcconfig */;
			buildSettings = {
				BUNDLE_LOADER = "$(TEST_HOST)";
				INFOPLIST_FILE = HomeGohanTests/Info.plist;
				LD_RUNPATH_SEARCH_PATHS = "$(inherited) @executable_path/Frameworks @loader_path/Frameworks";
				PRODUCT_BUNDLE_IDENTIFIER = com.kinoponchan.HomeGohanTests;
				PRODUCT_NAME = "$(TARGET_NAME)";
				TEST_HOST = "$(BUILT_PRODUCTS_DIR)/HomeGohan.app/HomeGohan";
			};
			name = Release;
		};
		32301EF41D89518F00B08C3F /* Debug */ = {
			isa = XCBuildConfiguration;
			baseConfigurationReference = A9D1B5CD4CAB4631C8E79C6A /* Pods-HomeGohanUITests.debug.xcconfig */;
			buildSettings = {
				INFOPLIST_FILE = HomeGohanUITests/Info.plist;
				LD_RUNPATH_SEARCH_PATHS = "$(inherited) @executable_path/Frameworks @loader_path/Frameworks";
				PRODUCT_BUNDLE_IDENTIFIER = com.kinoponchan.HomeGohanUITests;
				PRODUCT_NAME = "$(TARGET_NAME)";
				TEST_TARGET_NAME = HomeGohan;
			};
			name = Debug;
		};
		32301EF51D89518F00B08C3F /* Release */ = {
			isa = XCBuildConfiguration;
			baseConfigurationReference = EC0436D732647DB1D700511F /* Pods-HomeGohanUITests.release.xcconfig */;
			buildSettings = {
				INFOPLIST_FILE = HomeGohanUITests/Info.plist;
				LD_RUNPATH_SEARCH_PATHS = "$(inherited) @executable_path/Frameworks @loader_path/Frameworks";
				PRODUCT_BUNDLE_IDENTIFIER = com.kinoponchan.HomeGohanUITests;
				PRODUCT_NAME = "$(TARGET_NAME)";
				TEST_TARGET_NAME = HomeGohan;
			};
			name = Release;
		};
/* End XCBuildConfiguration section */

/* Begin XCConfigurationList section */
		32301EC01D89518F00B08C3F /* Build configuration list for PBXProject "HomeGohan" */ = {
			isa = XCConfigurationList;
			buildConfigurations = (
				32301EEB1D89518F00B08C3F /* Debug */,
				32301EEC1D89518F00B08C3F /* Release */,
			);
			defaultConfigurationIsVisible = 0;
			defaultConfigurationName = Release;
		};
		32301EED1D89518F00B08C3F /* Build configuration list for PBXNativeTarget "HomeGohan" */ = {
			isa = XCConfigurationList;
			buildConfigurations = (
				32301EEE1D89518F00B08C3F /* Debug */,
				32301EEF1D89518F00B08C3F /* Release */,
			);
			defaultConfigurationIsVisible = 0;
			defaultConfigurationName = Release;
		};
		32301EF01D89518F00B08C3F /* Build configuration list for PBXNativeTarget "HomeGohanTests" */ = {
			isa = XCConfigurationList;
			buildConfigurations = (
				32301EF11D89518F00B08C3F /* Debug */,
				32301EF21D89518F00B08C3F /* Release */,
			);
			defaultConfigurationIsVisible = 0;
			defaultConfigurationName = Release;
		};
		32301EF31D89518F00B08C3F /* Build configuration list for PBXNativeTarget "HomeGohanUITests" */ = {
			isa = XCConfigurationList;
			buildConfigurations = (
				32301EF41D89518F00B08C3F /* Debug */,
				32301EF51D89518F00B08C3F /* Release */,
			);
			defaultConfigurationIsVisible = 0;
			defaultConfigurationName = Release;
		};
/* End XCConfigurationList section */
	};
	rootObject = 32301EBD1D89518F00B08C3F /* Project object */;
}
